<?xml version="1.0" encoding="UTF-8"?>
<CodeBlocks_project_file>
	<FileVersion major="1" minor="6"/>
	<Project>
		<Option title="SerialInterface"/>
		<Option makefile_is_custom="1"/>
		<Option compiler="gcc"/>
		<Option virtualFolders="CMake Files\;"/>
		<Build>
			<Target title="all">
				<Option working_dir="/home/parallels/RoboMaster/Protocol/Mainfold/SerialInterface"/>
				<Option type="4"/>
				<MakeCommands>
					<Build command="/usr/bin/make -j2 -f &quot;/home/parallels/RoboMaster/Protocol/Mainfold/SerialInterface/Makefile&quot;  VERBOSE=1 all"/>
					<CompileFile command="/usr/bin/make -j2 -f &quot;/home/parallels/RoboMaster/Protocol/Mainfold/SerialInterface/Makefile&quot;  VERBOSE=1 &quot;$file&quot;"/>
					<Clean command="/usr/bin/make -j2 -f &quot;/home/parallels/RoboMaster/Protocol/Mainfold/SerialInterface/Makefile&quot;  VERBOSE=1 clean"/>
					<DistClean command="/usr/bin/make -j2 -f &quot;/home/parallels/RoboMaster/Protocol/Mainfold/SerialInterface/Makefile&quot;  VERBOSE=1 clean"/>
				</MakeCommands>
			</Target>
			<Target title="edit_cache">
				<Option working_dir="/home/parallels/RoboMaster/Protocol/Mainfold/SerialInterface"/>
				<Option type="4"/>
				<MakeCommands>
					<Build command="/usr/bin/make -j2 -f &quot;/home/parallels/RoboMaster/Protocol/Mainfold/SerialInterface/Makefile&quot;  VERBOSE=1 edit_cache"/>
					<CompileFile command="/usr/bin/make -j2 -f &quot;/home/parallels/RoboMaster/Protocol/Mainfold/SerialInterface/Makefile&quot;  VERBOSE=1 &quot;$file&quot;"/>
					<Clean command="/usr/bin/make -j2 -f &quot;/home/parallels/RoboMaster/Protocol/Mainfold/SerialInterface/Makefile&quot;  VERBOSE=1 clean"/>
					<DistClean command="/usr/bin/make -j2 -f &quot;/home/parallels/RoboMaster/Protocol/Mainfold/SerialInterface/Makefile&quot;  VERBOSE=1 clean"/>
				</MakeCommands>
			</Target>
			<Target title="rebuild_cache">
				<Option working_dir="/home/parallels/RoboMaster/Protocol/Mainfold/SerialInterface"/>
				<Option type="4"/>
				<MakeCommands>
					<Build command="/usr/bin/make -j2 -f &quot;/home/parallels/RoboMaster/Protocol/Mainfold/SerialInterface/Makefile&quot;  VERBOSE=1 rebuild_cache"/>
					<CompileFile command="/usr/bin/make -j2 -f &quot;/home/parallels/RoboMaster/Protocol/Mainfold/SerialInterface/Makefile&quot;  VERBOSE=1 &quot;$file&quot;"/>
					<Clean command="/usr/bin/make -j2 -f &quot;/home/parallels/RoboMaster/Protocol/Mainfold/SerialInterface/Makefile&quot;  VERBOSE=1 clean"/>
					<DistClean command="/usr/bin/make -j2 -f &quot;/home/parallels/RoboMaster/Protocol/Mainfold/SerialInterface/Makefile&quot;  VERBOSE=1 clean"/>
				</MakeCommands>
			</Target>
			<Target title="SerialInterface">
				<Option output="/home/parallels/RoboMaster/Protocol/Mainfold/SerialInterface/SerialInterface" prefix_auto="0" extension_auto="0"/>
				<Option working_dir="/home/parallels/RoboMaster/Protocol/Mainfold/SerialInterface"/>
				<Option object_output="./"/>
				<Option type="1"/>
				<Option compiler="gcc"/>
				<Compiler>
					<Add directory="/usr/lib/gcc/x86_64-linux-gnu/5/include"/>
					<Add directory="/usr/local/include"/>
					<Add directory="/usr/lib/gcc/x86_64-linux-gnu/5/include-fixed"/>
					<Add directory="/usr/include/x86_64-linux-gnu"/>
					<Add directory="/usr/include"/>
					<Add directory="/usr/include/c++/5"/>
					<Add directory="/usr/include/x86_64-linux-gnu/c++/5"/>
					<Add directory="/usr/include/c++/5/backward"/>
				</Compiler>
				<MakeCommands>
					<Build command="/usr/bin/make -j2 -f &quot;/home/parallels/RoboMaster/Protocol/Mainfold/SerialInterface/Makefile&quot;  VERBOSE=1 SerialInterface"/>
					<CompileFile command="/usr/bin/make -j2 -f &quot;/home/parallels/RoboMaster/Protocol/Mainfold/SerialInterface/Makefile&quot;  VERBOSE=1 &quot;$file&quot;"/>
					<Clean command="/usr/bin/make -j2 -f &quot;/home/parallels/RoboMaster/Protocol/Mainfold/SerialInterface/Makefile&quot;  VERBOSE=1 clean"/>
					<DistClean command="/usr/bin/make -j2 -f &quot;/home/parallels/RoboMaster/Protocol/Mainfold/SerialInterface/Makefile&quot;  VERBOSE=1 clean"/>
				</MakeCommands>
			</Target>
			<Target title="SerialInterface/fast">
				<Option output="/home/parallels/RoboMaster/Protocol/Mainfold/SerialInterface/SerialInterface" prefix_auto="0" extension_auto="0"/>
				<Option working_dir="/home/parallels/RoboMaster/Protocol/Mainfold/SerialInterface"/>
				<Option object_output="./"/>
				<Option type="1"/>
				<Option compiler="gcc"/>
				<Compiler>
					<Add directory="/usr/lib/gcc/x86_64-linux-gnu/5/include"/>
					<Add directory="/usr/local/include"/>
					<Add directory="/usr/lib/gcc/x86_64-linux-gnu/5/include-fixed"/>
					<Add directory="/usr/include/x86_64-linux-gnu"/>
					<Add directory="/usr/include"/>
					<Add directory="/usr/include/c++/5"/>
					<Add directory="/usr/include/x86_64-linux-gnu/c++/5"/>
					<Add directory="/usr/include/c++/5/backward"/>
				</Compiler>
				<MakeCommands>
					<Build command="/usr/bin/make -j2 -f &quot;/home/parallels/RoboMaster/Protocol/Mainfold/SerialInterface/Makefile&quot;  VERBOSE=1 SerialInterface/fast"/>
					<CompileFile command="/usr/bin/make -j2 -f &quot;/home/parallels/RoboMaster/Protocol/Mainfold/SerialInterface/Makefile&quot;  VERBOSE=1 &quot;$file&quot;"/>
					<Clean command="/usr/bin/make -j2 -f &quot;/home/parallels/RoboMaster/Protocol/Mainfold/SerialInterface/Makefile&quot;  VERBOSE=1 clean"/>
					<DistClean command="/usr/bin/make -j2 -f &quot;/home/parallels/RoboMaster/Protocol/Mainfold/SerialInterface/Makefile&quot;  VERBOSE=1 clean"/>
				</MakeCommands>
			</Target>
		</Build>
		<Unit filename="/home/parallels/RoboMaster/Protocol/Mainfold/SerialInterface/Serial.cpp">
			<Option target="SerialInterface"/>
		</Unit>
		<Unit filename="/home/parallels/RoboMaster/Protocol/Mainfold/SerialInterface/Serial.h">
			<Option target="SerialInterface"/>
		</Unit>
		<Unit filename="/home/parallels/RoboMaster/Protocol/Mainfold/SerialInterface/SerialReceive.cpp">
			<Option target="SerialInterface"/>
		</Unit>
		<Unit filename="/home/parallels/RoboMaster/Protocol/Mainfold/SerialInterface/SerialReceive.h">
			<Option target="SerialInterface"/>
		</Unit>
		<Unit filename="/home/parallels/RoboMaster/Protocol/Mainfold/SerialInterface/SerialSendQueue.cpp">
			<Option target="SerialInterface"/>
		</Unit>
		<Unit filename="/home/parallels/RoboMaster/Protocol/Mainfold/SerialInterface/SerialSendQueue.h">
			<Option target="SerialInterface"/>
		</Unit>
		<Unit filename="/home/parallels/RoboMaster/Protocol/Mainfold/SerialInterface/UDPClient.cpp">
			<Option target="SerialInterface"/>
		</Unit>
		<Unit filename="/home/parallels/RoboMaster/Protocol/Mainfold/SerialInterface/UDPClient.h">
			<Option target="SerialInterface"/>
		</Unit>
		<Unit filename="/home/parallels/RoboMaster/Protocol/Mainfold/SerialInterface/UDPServer.cpp">
			<Option target="SerialInterface"/>
		</Unit>
		<Unit filename="/home/parallels/RoboMaster/Protocol/Mainfold/SerialInterface/UDPServer.h">
			<Option target="SerialInterface"/>
		</Unit>
		<Unit filename="/home/parallels/RoboMaster/Protocol/Mainfold/SerialInterface/main.cpp">
			<Option target="SerialInterface"/>
		</Unit>
		<Unit filename="/home/parallels/RoboMaster/Protocol/Mainfold/SerialInterface/protobuf-c.c">
			<Option target="SerialInterface"/>
		</Unit>
		<Unit filename="/home/parallels/RoboMaster/Protocol/Mainfold/SerialInterface/protobuf-c.h">
			<Option target="SerialInterface"/>
		</Unit>
		<Unit filename="/home/parallels/RoboMaster/Protocol/Mainfold/SerialInterface/protocol.cpp">
			<Option target="SerialInterface"/>
		</Unit>
		<Unit filename="/home/parallels/RoboMaster/Protocol/Mainfold/SerialInterface/protocol.h">
			<Option target="SerialInterface"/>
		</Unit>
		<Unit filename="/home/parallels/RoboMaster/Protocol/Mainfold/SerialInterface/protocol.pb-c.c">
			<Option target="SerialInterface"/>
		</Unit>
		<Unit filename="/home/parallels/RoboMaster/Protocol/Mainfold/SerialInterface/protocol.pb-c.h">
			<Option target="SerialInterface"/>
		</Unit>
		<Unit filename="/home/parallels/RoboMaster/Protocol/Mainfold/SerialInterface/CMakeLists.txt">
			<Option virtualFolder="CMake Files\"/>
		</Unit>
	</Project>
</CodeBlocks_project_file>
